
Microsoft Visual Studio Solution File, Format Version 12.00
# Visual Studio Version 17
VisualStudioVersion = 17.5.33424.131
MinimumVisualStudioVersion = 10.0.40219.1
Project("{FAE04EC0-301F-11D3-BF4B-00C04F79EFBC}") = "Blog.Web", "Blog.Web\Blog.Web.csproj", "{24E90CA7-45F3-430C-9360-7B64CD38AB2F}"
EndProject
Project("{FAE04EC0-301F-11D3-BF4B-00C04F79EFBC}") = "Blog.Entity", "Blog.Entity\Blog.Entity.csproj", "{6C0536E2-E897-4A22-A2AF-DDE0489EBEA5}"
EndProject
Project("{FAE04EC0-301F-11D3-BF4B-00C04F79EFBC}") = "Blog.Data", "Blog.Data\Blog.Data.csproj", "{2464F79D-56F9-48CA-AE7F-67BB51E953BC}"
EndProject
Project("{FAE04EC0-301F-11D3-BF4B-00C04F79EFBC}") = "Blog.Service", "Blog.Service\Blog.Service.csproj", "{976E8A3F-6331-4BE7-B906-01069923674D}"
EndProject
Project("{FAE04EC0-301F-11D3-BF4B-00C04F79EFBC}") = "Blog.Core", "Blog.Core\Blog.Core.csproj", "{F6225071-CFA8-44FF-B2EC-A658A9076077}"
EndProject
Global
	GlobalSection(SolutionConfigurationPlatforms) = preSolution
		Debug|Any CPU = Debug|Any CPU
		Release|Any CPU = Release|Any CPU
	EndGlobalSection
	GlobalSection(ProjectConfigurationPlatforms) = postSolution
		{24E90CA7-45F3-430C-9360-7B64CD38AB2F}.Debug|Any CPU.ActiveCfg = Debug|Any CPU
		{24E90CA7-45F3-430C-9360-7B64CD38AB2F}.Debug|Any CPU.Build.0 = Debug|Any CPU
		{24E90CA7-45F3-430C-9360-7B64CD38AB2F}.Release|Any CPU.ActiveCfg = Release|Any CPU
		{24E90CA7-45F3-430C-9360-7B64CD38AB2F}.Release|Any CPU.Build.0 = Release|Any CPU
		{6C0536E2-E897-4A22-A2AF-DDE0489EBEA5}.Debug|Any CPU.ActiveCfg = Debug|Any CPU
		{6C0536E2-E897-4A22-A2AF-DDE0489EBEA5}.Debug|Any CPU.Build.0 = Debug|Any CPU
		{6C0536E2-E897-4A22-A2AF-DDE0489EBEA5}.Release|Any CPU.ActiveCfg = Release|Any CPU
		{6C0536E2-E897-4A22-A2AF-DDE0489EBEA5}.Release|Any CPU.Build.0 = Release|Any CPU
		{2464F79D-56F9-48CA-AE7F-67BB51E953BC}.Debug|Any CPU.ActiveCfg = Debug|Any CPU
		{2464F79D-56F9-48CA-AE7F-67BB51E953BC}.Debug|Any CPU.Build.0 = Debug|Any CPU
		{2464F79D-56F9-48CA-AE7F-67BB51E953BC}.Release|Any CPU.ActiveCfg = Release|Any CPU
		{2464F79D-56F9-48CA-AE7F-67BB51E953BC}.Release|Any CPU.Build.0 = Release|Any CPU
		{976E8A3F-6331-4BE7-B906-01069923674D}.Debug|Any CPU.ActiveCfg = Debug|Any CPU
		{976E8A3F-6331-4BE7-B906-01069923674D}.Debug|Any CPU.Build.0 = Debug|Any CPU
		{976E8A3F-6331-4BE7-B906-01069923674D}.Release|Any CPU.ActiveCfg = Release|Any CPU
		{976E8A3F-6331-4BE7-B906-01069923674D}.Release|Any CPU.Build.0 = Release|Any CPU
		{F6225071-CFA8-44FF-B2EC-A658A9076077}.Debug|Any CPU.ActiveCfg = Debug|Any CPU
		{F6225071-CFA8-44FF-B2EC-A658A9076077}.Debug|Any CPU.Build.0 = Debug|Any CPU
		{F6225071-CFA8-44FF-B2EC-A658A9076077}.Release|Any CPU.ActiveCfg = Release|Any CPU
		{F6225071-CFA8-44FF-B2EC-A658A9076077}.Release|Any CPU.Build.0 = Release|Any CPU
	EndGlobalSection
	GlobalSection(SolutionProperties) = preSolution
		HideSolutionNode = FALSE
	EndGlobalSection
	GlobalSection(ExtensibilityGlobals) = postSolution
		SolutionGuid = {CAAB22FA-3C7E-48F3-9D78-BC8ABAA5A961}
	EndGlobalSection
EndGlobal
